
Microsoft Visual Studio Solution File, Format Version 12.00
# Visual Studio 14
VisualStudioVersion = 14.0.25420.1
MinimumVisualStudioVersion = 10.0.40219.1
Project("{8BC9CEB8-8B4A-11D0-8D11-00A0C91BC942}") = "absTouchPad", "absTouchPad\absTouchPad.vcxproj", "{D2E93020-CDBB-41DB-861B-28D7316EAF78}"
EndProject
Project("{8BC9CEB8-8B4A-11D0-8D11-00A0C91BC942}") = "abdTP_directX", "abdTP_directX\abdTP_directX.vcxproj", "{9771A9DD-358A-4449-856E-E46869F9A4E3}"
EndProject
Project("{8BC9CEB8-8B4A-11D0-8D11-00A0C91BC942}") = "absTouchPad2", "absTouchPad2\absTouchPad2.vcxproj", "{0FFACCEA-F6F3-49F8-AEFD-D6CE1432F107}"
EndProject
Global
	GlobalSection(SolutionConfigurationPlatforms) = preSolution
		Debug|x64 = Debug|x64
		Debug|x86 = Debug|x86
		Release|x64 = Release|x64
		Release|x86 = Release|x86
	EndGlobalSection
	GlobalSection(ProjectConfigurationPlatforms) = postSolution
		{D2E93020-CDBB-41DB-861B-28D7316EAF78}.Debug|x64.ActiveCfg = Debug|x64
		{D2E93020-CDBB-41DB-861B-28D7316EAF78}.Debug|x64.Build.0 = Debug|x64
		{D2E93020-CDBB-41DB-861B-28D7316EAF78}.Debug|x86.ActiveCfg = Debug|Win32
		{D2E93020-CDBB-41DB-861B-28D7316EAF78}.Debug|x86.Build.0 = Debug|Win32
		{D2E93020-CDBB-41DB-861B-28D7316EAF78}.Release|x64.ActiveCfg = Release|x64
		{D2E93020-CDBB-41DB-861B-28D7316EAF78}.Release|x64.Build.0 = Release|x64
		{D2E93020-CDBB-41DB-861B-28D7316EAF78}.Release|x86.ActiveCfg = Release|Win32
		{D2E93020-CDBB-41DB-861B-28D7316EAF78}.Release|x86.Build.0 = Release|Win32
		{9771A9DD-358A-4449-856E-E46869F9A4E3}.Debug|x64.ActiveCfg = Debug|x64
		{9771A9DD-358A-4449-856E-E46869F9A4E3}.Debug|x64.Build.0 = Debug|x64
		{9771A9DD-358A-4449-856E-E46869F9A4E3}.Debug|x86.ActiveCfg = Debug|Win32
		{9771A9DD-358A-4449-856E-E46869F9A4E3}.Debug|x86.Build.0 = Debug|Win32
		{9771A9DD-358A-4449-856E-E46869F9A4E3}.Release|x64.ActiveCfg = Release|x64
		{9771A9DD-358A-4449-856E-E46869F9A4E3}.Release|x64.Build.0 = Release|x64
		{9771A9DD-358A-4449-856E-E46869F9A4E3}.Release|x86.ActiveCfg = Release|Win32
		{9771A9DD-358A-4449-856E-E46869F9A4E3}.Release|x86.Build.0 = Release|Win32
		{0FFACCEA-F6F3-49F8-AEFD-D6CE1432F107}.Debug|x64.ActiveCfg = Debug|x64
		{0FFACCEA-F6F3-49F8-AEFD-D6CE1432F107}.Debug|x64.Build.0 = Debug|x64
		{0FFACCEA-F6F3-49F8-AEFD-D6CE1432F107}.Debug|x86.ActiveCfg = Debug|Win32
		{0FFACCEA-F6F3-49F8-AEFD-D6CE1432F107}.Debug|x86.Build.0 = Debug|Win32
		{0FFACCEA-F6F3-49F8-AEFD-D6CE1432F107}.Release|x64.ActiveCfg = Release|x64
		{0FFACCEA-F6F3-49F8-AEFD-D6CE1432F107}.Release|x64.Build.0 = Release|x64
		{0FFACCEA-F6F3-49F8-AEFD-D6CE1432F107}.Release|x86.ActiveCfg = Release|Win32
		{0FFACCEA-F6F3-49F8-AEFD-D6CE1432F107}.Release|x86.Build.0 = Release|Win32
	EndGlobalSection
	GlobalSection(SolutionProperties) = preSolution
		HideSolutionNode = FALSE
	EndGlobalSection
EndGlobal
